github.com/davecgh/go-spew v1.1.1 h1:vj9j/u1bqnvCEfJOwUhtlOARqs3+rkHYY13jYWTU97c=
github.com/davecgh/go-spew v1.1.1/go.mod h1:J7Y8YcW2NihsgmVo/mv3lAwl/skON4iLHjSsI+c5H38=
github.com/fealsamh/datastructures v0.1.11 h1:pJMHCuZhohdNbfTtwE0aSGfNXy/IHb64c0sYDGSqkOM=
github.com/fealsamh/datastructures v0.1.11/go.mod h1:HjT3MXqYTwjvru/HBnhv3x3tZRQscHWCousuZ6PPprc=
github.com/fealsamh/go-utils v0.1.31 h1:hxJ3TeDJCMCH8w7C47R8foRWUBW4HKL7Qqru1GfAG+g=
github.com/fealsamh/go-utils v0.1.31/go.mod h1:KGmm1o+HBBgz7z6GbfHShth//cn+RfvPLsMf6SO+n04=
github.com/fealsamh/go-utils v0.1.36 h1:Wgu7oBTST6BdHxBqdFFy3/s414WRxqDirxKztjZr2Js=
github.com/fealsamh/go-utils v0.1.36/go.mod h1:/4CP2enp+9R3G6ATfXWGp+8+SNCkOOUm4zINFKSgfsk=
github.com/google/go-cmp v0.6.0 h1:ofyhxvXcZhMsU5ulbFiLKl/XBFqE1GSq7atu8tAmTRI=
github.com/google/go-cmp v0.6.0/go.mod h1:17dUlkBOakJ0+DkrSSNjCkIjxS6bF9zb3elmeNGIjoY=
github.com/google/uuid v1.6.0 h1:NIvaJDMOsjHA8n1jAhLSgzrAzy1Hgr+hNrb57e+94F0=
github.com/google/uuid v1.6.0/go.mod h1:TIyPZe4MgqvfeYDBFedMoGGpEw/LqOeaOT+nhxU+yHo=
github.com/mailstepcz/enums v0.1.0 h1:LLjp2qvqz1X18Xw12PbUHeEGeiRpi1+sL3eCsHfnoNk=
github.com/mailstepcz/enums v0.1.0/go.mod h1:BjZ/gUpgVBbxHQcC5aukQOXIB3w2Hg2MECvQCOukW80=
github.com/mailstepcz/enums v0.1.2 h1:P+Vgs//jWipqwZCC6IRqhfSVk2/M3BG6rxOSLGrbGxs=
github.com/mailstepcz/enums v0.1.2/go.mod h1:BjZ/gUpgVBbxHQcC5aukQOXIB3w2Hg2MECvQCOukW80=
github.com/mailstepcz/maybe v0.1.0 h1:Bl4PwrGdLJtM88NuoL0xZ1uBBO+FBAuP4wISrF1VaOs=
github.com/mailstepcz/maybe v0.1.0/go.mod h1:jYa5xYUC9pKgpt0XkMUZ5A0tXcfKLrxZEAU7nGUrSz8=
github.com/mailstepcz/maybe v0.1.1 h1:8gRJBHVin54pxKb3phHRwSTkL8maz4uuJwvyLj774Uo=
github.com/mailstepcz/maybe v0.1.1/go.mod h1:jYa5xYUC9pKgpt0XkMUZ5A0tXcfKLrxZEAU7nGUrSz8=
github.com/mailstepcz/pointer v0.1.0 h1:X2IOwkG34Opr0KM4naDbhubWqVVjlFq8Ti1kclSwye8=
github.com/mailstepcz/pointer v0.1.0/go.mod h1:zTgDutGlayTlC2vcUOV1lZXr+EjR+95iAgVSFUjXkBA=
github.com/mailstepcz/serr v0.1.0 h1:gTWgrvS6HddpliRDdEvulDNObuMxSefk9CGNL3uhgYU=
github.com/mailstepcz/serr v0.1.0/go.mod h1:kcN5rQz02kpW3sl0Je2AHbfmWvQq6jHz/Oegm3Lr/gQ=
github.com/mailstepcz/serr v0.1.2 h1:MSUU0czwEe198B1nIPebIDhwsFI9RKBj55YPvqJ37Yw=
github.com/mailstepcz/serr v0.1.2/go.mod h1:eggIH/zxyqQ+fJb6m51N9l/DE7I+jkFFjm+1Ugrm++I=
github.com/mailstepcz/slice v0.1.0 h1:hL2GTbi1hJB9ujWlDxQEGfpiyJvqYnin+6HCydFSwFo=
github.com/mailstepcz/slice v0.1.0/go.mod h1:it8NBpr6Vm76AVvau+DNHJOwsPtQM9FnrzIX2IwfFIA=
github.com/mailstepcz/validate v0.1.0 h1:rWIEwkSXNp7u3Wz12tX/YwSvNntJFsAMhnz6GZsfzAQ=
github.com/mailstepcz/validate v0.1.0/go.mod h1:otDBiH7M7jJwLxLJFYMKD9H5L1Hvg0LRvVgFhBuPLaI=
github.com/oklog/ulid/v2 v2.1.0 h1:+9lhoxAP56we25tyYETBBY1YLA2SaoLvUFgrP2miPJU=
github.com/oklog/ulid/v2 v2.1.0/go.mod h1:rcEKHmBBKfef9DhnvX7y1HZBYxjXb0cP5ExxNsTT1QQ=
github.com/pborman/getopt v0.0.0-20170112200414-7148bc3a4c30/go.mod h1:85jBQOZwpVEaDAr341tbn15RS4fCAsIst0qp7i8ex1o=
github.com/pmezard/go-difflib v1.0.0 h1:4DBwDE0NGyQoBHbLQYPwSUPoCMWR5BEzIk/f1lZbAQM=
github.com/pmezard/go-difflib v1.0.0/go.mod h1:iKH77koFhYxTK1pcRnkKkqfTogsbg7gZNVY4sRDYZ/4=
github.com/shopspring/decimal v1.4.0 h1:bxl37RwXBklmTi0C79JfXCEBD1cqqHt0bbgBAGFp81k=
github.com/shopspring/decimal v1.4.0/go.mod h1:gawqmDU56v4yIKSwfBSFip1HdCCXN8/+DMd9qYNcwME=
github.com/stretchr/testify v1.9.0 h1:HtqpIVDClZ4nwg75+f6Lvsy/wHu+3BoSGCbBAcpTsTg=
github.com/stretchr/testify v1.9.0/go.mod h1:r2ic/lqez/lEtzL7wO/rwa5dbSLXVDPFyf8C91i36aY=
github.com/stretchr/testify v1.10.0 h1:Xv5erBjTwe/5IxqUQTdXv5kgmIvbHo3QQyRwhJsOfJA=
github.com/stretchr/testify v1.10.0/go.mod h1:r2ic/lqez/lEtzL7wO/rwa5dbSLXVDPFyf8C91i36aY=
golang.org/x/net v0.28.0 h1:a9JDOJc5GMUJ0+UDqmLT86WiEy7iWyIhz8gz8E4e5hE=
golang.org/x/net v0.28.0/go.mod h1:yqtgsTWOOnlGLG9GFRrK3++bGOUEkNBoHZc8MEDWPNg=
golang.org/x/sys v0.24.0 h1:Twjiwq9dn6R1fQcyiK+wQyHWfaz/BJB+YIpzU/Cv3Xg=
golang.org/x/sys v0.24.0/go.mod h1:/VUhepiaJMQUp4+oa/7Zr1D23ma6VTLIYjOOTFZPUcA=
golang.org/x/sys v0.28.0 h1:Fksou7UEQUWlKvIdsqzJmUmCX3cZuD2+P3XyyzwMhlA=
golang.org/x/sys v0.28.0/go.mod h1:/VUhepiaJMQUp4+oa/7Zr1D23ma6VTLIYjOOTFZPUcA=
golang.org/x/text v0.17.0 h1:XtiM5bkSOt+ewxlOE/aE/AKEHibwj/6gvWMl9Rsh0Qc=
golang.org/x/text v0.17.0/go.mod h1:BuEKDfySbSR4drPmRPG/7iBdf8hvFMuRexcpahXilzY=
golang.org/x/text v0.21.0 h1:zyQAAkrwaneQ066sspRyJaG9VNi/YJ1NfzcGB3hZ/qo=
golang.org/x/text v0.21.0/go.mod h1:4IBbMaMmOPCJ8SecivzSH54+73PCFmPWxNTLm+vZkEQ=
google.golang.org/genproto/googleapis/rpc v0.0.0-20240820151423-278611b39280 h1:XQMA2e105XNlEZ8NRF0HqnUOZzP14sUSsgL09kpdNnU=
google.golang.org/genproto/googleapis/rpc v0.0.0-20240820151423-278611b39280/go.mod h1:UqMtugtsSgubUsoxbuAoiCXvqvErP7Gf0so0mK9tHxU=
google.golang.org/genproto/googleapis/rpc v0.0.0-20241230172942-26aa7a208def h1:4P81qv5JXI/sDNae2ClVx88cgDDA6DPilADkG9tYKz8=
google.golang.org/genproto/googleapis/rpc v0.0.0-20241230172942-26aa7a208def/go.mod h1:bdAgzvd4kFrpykc5/AC2eLUiegK9T/qxZHD4hXYf/ho=
google.golang.org/grpc v1.65.0 h1:bs/cUb4lp1G5iImFFd3u5ixQzweKizoZJAwBNLR42lc=
google.golang.org/grpc v1.65.0/go.mod h1:WgYC2ypjlB0EiQi6wdKixMqukr6lBc0Vo+oOgjrM5ZQ=
google.golang.org/grpc v1.69.2 h1:U3S9QEtbXC0bYNvRtcoklF3xGtLViumSYxWykJS+7AU=
google.golang.org/grpc v1.69.2/go.mod h1:vyjdE6jLBI76dgpDojsFGNaHlxdjXN9ghpnd2o7JGZ4=
google.golang.org/protobuf v1.34.2 h1:6xV6lTsCfpGD21XK49h7MhtcApnLqkfYgPcdHftf6hg=
google.golang.org/protobuf v1.34.2/go.mod h1:qYOHts0dSfpeUzUFpOMr/WGzszTmLH+DiWniOlNbLDw=
google.golang.org/protobuf v1.36.1 h1:yBPeRvTftaleIgM3PZ/WBIZ7XM/eEYAaEyCwvyjq/gk=
google.golang.org/protobuf v1.36.1/go.mod h1:9fA7Ob0pmnwhb644+1+CVWFRbNajQ6iRojtC/QF5bRE=
gopkg.in/check.v1 v0.0.0-20161208181325-20d25e280405 h1:yhCVgyC4o1eVCa2tZl7eS0r+SDo693bJlVdllGtEeKM=
gopkg.in/check.v1 v0.0.0-20161208181325-20d25e280405/go.mod h1:Co6ibVJAznAaIkqp8huTwlJQCZ016jof/cbN4VW5Yz0=
gopkg.in/yaml.v3 v3.0.1 h1:fxVm/GzAzEWqLHuvctI91KS9hhNmmWOoWu0XTYJS7CA=
gopkg.in/yaml.v3 v3.0.1/go.mod h1:K4uyk7z7BCEPqu6E+C64Yfv1cQ7kz7rIZviUmN+EgEM=
